{
  "requires": true,
  "lockfileVersion": 1,
  "dependencies": {
    "trim-newlines": {
      "version": "4.0.1",
      "resolved": "https://registry.npmjs.org/trim-newlines/-/trim-newlines-4.0.1.tgz",
      "integrity": "sha512-5n5GIW0uEbjCB2PO6OoaG11rscJmLOLw12ZG9e0vBKNMToDJ2n1+AkUhJpGO2bLj3jXKa/gYTGVmilX5CCxqmA=="
    }
  }
}
